<?xml version="1.0" encoding="utf-8"?>
<Project ToolsVersion="4.0" xmlns="http://schemas.microsoft.com/developer/msbuild/2003">
  <ItemGroup>
    <ClCompile Include="Main.cpp" />
    <ClCompile Include="Memory.cpp">
      <Filter>Query\Memory</Filter>
    </ClCompile>
    <ClCompile Include="Query.cpp">
      <Filter>Query</Filter>
    </ClCompile>
    <ClCompile Include="GUI.cpp">
      <Filter>GUI</Filter>
    </ClCompile>
  </ItemGroup>
  <ItemGroup>
    <Filter Include="SDK">
      <UniqueIdentifier>{9331ed6c-0a11-4bcf-927e-5e07ddc552fe}</UniqueIdentifier>
    </Filter>
    <Filter Include="Query">
      <UniqueIdentifier>{c2adb0ad-b19c-4220-8d21-12ec0173c8e0}</UniqueIdentifier>
    </Filter>
    <Filter Include="Query\Memory">
      <UniqueIdentifier>{cfa272cb-edb0-457e-bbaa-3da718a1defb}</UniqueIdentifier>
    </Filter>
    <Filter Include="GUI">
      <UniqueIdentifier>{131991f6-7f85-4c94-882e-692f4bb3b39b}</UniqueIdentifier>
    </Filter>
  </ItemGroup>
  <ItemGroup>
    <ClInclude Include="CommonIncludes.h">
      <Filter>SDK</Filter>
    </ClInclude>
    <ClInclude Include="Memory.h">
      <Filter>Query\Memory</Filter>
    </ClInclude>
    <ClInclude Include="Query.h">
      <Filter>Query</Filter>
    </ClInclude>
    <ClInclude Include="GUI.h">
      <Filter>GUI</Filter>
    </ClInclude>
  </ItemGroup>
</Project>